// !$*UTF8*$!
{
	archiveVersion = 1;
	classes = {
	};
	objectVersion = 46;
	objects = {

/* Begin PBXBuildFile section */
		40ECC45E1E4D14D100247289 /* AppDelegate.swift in Sources */ = {isa = PBXBuildFile; fileRef = 40ECC45D1E4D14D100247289 /* AppDelegate.swift */; };
		40ECC4631E4D14D100247289 /* Main.storyboard in Resources */ = {isa = PBXBuildFile; fileRef = 40ECC4611E4D14D100247289 /* Main.storyboard */; };
		40ECC4651E4D14D100247289 /* Assets.xcassets in Resources */ = {isa = PBXBuildFile; fileRef = 40ECC4641E4D14D100247289 /* Assets.xcassets */; };
		40ECC4681E4D14D100247289 /* LaunchScreen.storyboard in Resources */ = {isa = PBXBuildFile; fileRef = 40ECC4661E4D14D100247289 /* LaunchScreen.storyboard */; };
		40ECC4731E4D14D200247289 /* TacoPOPTests.swift in Sources */ = {isa = PBXBuildFile; fileRef = 40ECC4721E4D14D200247289 /* TacoPOPTests.swift */; };
		40ECC4841E4D15BE00247289 /* MainVC.swift in Sources */ = {isa = PBXBuildFile; fileRef = 40ECC4831E4D15BE00247289 /* MainVC.swift */; };
		40ECC4861E4D178300247289 /* DropShadow.swift in Sources */ = {isa = PBXBuildFile; fileRef = 40ECC4851E4D178300247289 /* DropShadow.swift */; };
		40ECC4881E4D185D00247289 /* HeaderView.swift in Sources */ = {isa = PBXBuildFile; fileRef = 40ECC4871E4D185D00247289 /* HeaderView.swift */; };
		40ECC48A1E4D1A3800247289 /* Taco.swift in Sources */ = {isa = PBXBuildFile; fileRef = 40ECC4891E4D1A3800247289 /* Taco.swift */; };
		40ECC48C1E4D1F1B00247289 /* DataService.swift in Sources */ = {isa = PBXBuildFile; fileRef = 40ECC48B1E4D1F1B00247289 /* DataService.swift */; };
		40ECC48F1E4D23F400247289 /* TacoCell.swift in Sources */ = {isa = PBXBuildFile; fileRef = 40ECC48D1E4D23F400247289 /* TacoCell.swift */; };
		40ECC4901E4D23F400247289 /* TacoCell.xib in Resources */ = {isa = PBXBuildFile; fileRef = 40ECC48E1E4D23F400247289 /* TacoCell.xib */; };
		40ECC4921E50EBA900247289 /* ReusableView.swift in Sources */ = {isa = PBXBuildFile; fileRef = 40ECC4911E50EBA900247289 /* ReusableView.swift */; };
		40ECC4941E50ECAB00247289 /* NibLoadableView.swift in Sources */ = {isa = PBXBuildFile; fileRef = 40ECC4931E50ECAB00247289 /* NibLoadableView.swift */; };
		40ECC4961E50ED3D00247289 /* UICollectionViewPlusExt.swift in Sources */ = {isa = PBXBuildFile; fileRef = 40ECC4951E50ED3D00247289 /* UICollectionViewPlusExt.swift */; };
		40ECC4981E50FEBD00247289 /* MutableCollectionExt.swift in Sources */ = {isa = PBXBuildFile; fileRef = 40ECC4971E50FEBD00247289 /* MutableCollectionExt.swift */; };
		40ECC49A1E51005F00247289 /* Shakeable.swift in Sources */ = {isa = PBXBuildFile; fileRef = 40ECC4991E51005F00247289 /* Shakeable.swift */; };
/* End PBXBuildFile section */

/* Begin PBXContainerItemProxy section */
		40ECC46F1E4D14D200247289 /* PBXContainerItemProxy */ = {
			isa = PBXContainerItemProxy;
			containerPortal = 40ECC4521E4D14D100247289 /* Project object */;
			proxyType = 1;
			remoteGlobalIDString = 40ECC4591E4D14D100247289;
			remoteInfo = TacoPOP;
		};
/* End PBXContainerItemProxy section */

/* Begin PBXFileReference section */
		40ECC45A1E4D14D100247289 /* TacoPOP.app */ = {isa = PBXFileReference; explicitFileType = wrapper.application; includeInIndex = 0; path = TacoPOP.app; sourceTree = BUILT_PRODUCTS_DIR; };
		40ECC45D1E4D14D100247289 /* AppDelegate.swift */ = {isa = PBXFileReference; lastKnownFileType = sourcecode.swift; path = AppDelegate.swift; sourceTree = "<group>"; };
		40ECC4621E4D14D100247289 /* Base */ = {isa = PBXFileReference; lastKnownFileType = file.storyboard; name = Base; path = Base.lproj/Main.storyboard; sourceTree = "<group>"; };
		40ECC4641E4D14D100247289 /* Assets.xcassets */ = {isa = PBXFileReference; lastKnownFileType = folder.assetcatalog; path = Assets.xcassets; sourceTree = "<group>"; };
		40ECC4671E4D14D100247289 /* Base */ = {isa = PBXFileReference; lastKnownFileType = file.storyboard; name = Base; path = Base.lproj/LaunchScreen.storyboard; sourceTree = "<group>"; };
		40ECC4691E4D14D100247289 /* Info.plist */ = {isa = PBXFileReference; lastKnownFileType = text.plist.xml; path = Info.plist; sourceTree = "<group>"; };
		40ECC46E1E4D14D200247289 /* TacoPOPTests.xctest */ = {isa = PBXFileReference; explicitFileType = wrapper.cfbundle; includeInIndex = 0; path = TacoPOPTests.xctest; sourceTree = BUILT_PRODUCTS_DIR; };
		40ECC4721E4D14D200247289 /* TacoPOPTests.swift */ = {isa = PBXFileReference; lastKnownFileType = sourcecode.swift; path = TacoPOPTests.swift; sourceTree = "<group>"; };
		40ECC4741E4D14D200247289 /* Info.plist */ = {isa = PBXFileReference; lastKnownFileType = text.plist.xml; path = Info.plist; sourceTree = "<group>"; };
		40ECC4831E4D15BE00247289 /* MainVC.swift */ = {isa = PBXFileReference; fileEncoding = 4; lastKnownFileType = sourcecode.swift; path = MainVC.swift; sourceTree = "<group>"; };
		40ECC4851E4D178300247289 /* DropShadow.swift */ = {isa = PBXFileReference; fileEncoding = 4; lastKnownFileType = sourcecode.swift; path = DropShadow.swift; sourceTree = "<group>"; };
		40ECC4871E4D185D00247289 /* HeaderView.swift */ = {isa = PBXFileReference; fileEncoding = 4; lastKnownFileType = sourcecode.swift; path = HeaderView.swift; sourceTree = "<group>"; };
		40ECC4891E4D1A3800247289 /* Taco.swift */ = {isa = PBXFileReference; fileEncoding = 4; lastKnownFileType = sourcecode.swift; path = Taco.swift; sourceTree = "<group>"; };
		40ECC48B1E4D1F1B00247289 /* DataService.swift */ = {isa = PBXFileReference; fileEncoding = 4; lastKnownFileType = sourcecode.swift; path = DataService.swift; sourceTree = "<group>"; };
		40ECC48D1E4D23F400247289 /* TacoCell.swift */ = {isa = PBXFileReference; fileEncoding = 4; lastKnownFileType = sourcecode.swift; path = TacoCell.swift; sourceTree = "<group>"; };
		40ECC48E1E4D23F400247289 /* TacoCell.xib */ = {isa = PBXFileReference; fileEncoding = 4; lastKnownFileType = file.xib; path = TacoCell.xib; sourceTree = "<group>"; };
		40ECC4911E50EBA900247289 /* ReusableView.swift */ = {isa = PBXFileReference; fileEncoding = 4; lastKnownFileType = sourcecode.swift; path = ReusableView.swift; sourceTree = "<group>"; };
		40ECC4931E50ECAB00247289 /* NibLoadableView.swift */ = {isa = PBXFileReference; fileEncoding = 4; lastKnownFileType = sourcecode.swift; path = NibLoadableView.swift; sourceTree = "<group>"; };
		40ECC4951E50ED3D00247289 /* UICollectionViewPlusExt.swift */ = {isa = PBXFileReference; fileEncoding = 4; lastKnownFileType = sourcecode.swift; path = UICollectionViewPlusExt.swift; sourceTree = "<group>"; };
		40ECC4971E50FEBD00247289 /* MutableCollectionExt.swift */ = {isa = PBXFileReference; fileEncoding = 4; lastKnownFileType = sourcecode.swift; path = MutableCollectionExt.swift; sourceTree = "<group>"; };
		40ECC4991E51005F00247289 /* Shakeable.swift */ = {isa = PBXFileReference; fileEncoding = 4; lastKnownFileType = sourcecode.swift; path = Shakeable.swift; sourceTree = "<group>"; };
/* End PBXFileReference section */

/* Begin PBXFrameworksBuildPhase section */
		40ECC4571E4D14D100247289 /* Frameworks */ = {
			isa = PBXFrameworksBuildPhase;
			buildActionMask = 2147483647;
			files = (
			);
			runOnlyForDeploymentPostprocessing = 0;
		};
		40ECC46B1E4D14D100247289 /* Frameworks */ = {
			isa = PBXFrameworksBuildPhase;
			buildActionMask = 2147483647;
			files = (
			);
			runOnlyForDeploymentPostprocessing = 0;
		};
/* End PBXFrameworksBuildPhase section */

/* Begin PBXGroup section */
		40ECC4511E4D14D000247289 = {
			isa = PBXGroup;
			children = (
				40ECC45C1E4D14D100247289 /* TacoPOP */,
				40ECC4801E4D150600247289 /* Resources */,
				40ECC4711E4D14D200247289 /* TacoPOPTests */,
				40ECC45B1E4D14D100247289 /* Products */,
			);
			sourceTree = "<group>";
		};
		40ECC45B1E4D14D100247289 /* Products */ = {
			isa = PBXGroup;
			children = (
				40ECC45A1E4D14D100247289 /* TacoPOP.app */,
				40ECC46E1E4D14D200247289 /* TacoPOPTests.xctest */,
			);
			name = Products;
			sourceTree = "<group>";
		};
		40ECC45C1E4D14D100247289 /* TacoPOP */ = {
			isa = PBXGroup;
			children = (
				40ECC4821E4D152200247289 /* Extensions */,
				40ECC4811E4D151500247289 /* Protocols */,
				40ECC47D1E4D14E900247289 /* Model */,
				40ECC47E1E4D14F300247289 /* View */,
				40ECC47F1E4D14FD00247289 /* Controller */,
			);
			path = TacoPOP;
			sourceTree = "<group>";
		};
		40ECC4711E4D14D200247289 /* TacoPOPTests */ = {
			isa = PBXGroup;
			children = (
				40ECC4721E4D14D200247289 /* TacoPOPTests.swift */,
				40ECC4741E4D14D200247289 /* Info.plist */,
			);
			path = TacoPOPTests;
			sourceTree = "<group>";
		};
		40ECC47D1E4D14E900247289 /* Model */ = {
			isa = PBXGroup;
			children = (
				40ECC4891E4D1A3800247289 /* Taco.swift */,
				40ECC48B1E4D1F1B00247289 /* DataService.swift */,
			);
			name = Model;
			sourceTree = "<group>";
		};
		40ECC47E1E4D14F300247289 /* View */ = {
			isa = PBXGroup;
			children = (
				40ECC4661E4D14D100247289 /* LaunchScreen.storyboard */,
				40ECC4611E4D14D100247289 /* Main.storyboard */,
				40ECC4871E4D185D00247289 /* HeaderView.swift */,
				40ECC48D1E4D23F400247289 /* TacoCell.swift */,
				40ECC48E1E4D23F400247289 /* TacoCell.xib */,
			);
			name = View;
			sourceTree = "<group>";
		};
		40ECC47F1E4D14FD00247289 /* Controller */ = {
			isa = PBXGroup;
			children = (
				40ECC45D1E4D14D100247289 /* AppDelegate.swift */,
				40ECC4831E4D15BE00247289 /* MainVC.swift */,
			);
			name = Controller;
			sourceTree = "<group>";
		};
		40ECC4801E4D150600247289 /* Resources */ = {
			isa = PBXGroup;
			children = (
				40ECC4691E4D14D100247289 /* Info.plist */,
				40ECC4641E4D14D100247289 /* Assets.xcassets */,
			);
			name = Resources;
			path = TacoPOP;
			sourceTree = "<group>";
		};
		40ECC4811E4D151500247289 /* Protocols */ = {
			isa = PBXGroup;
			children = (
				40ECC4851E4D178300247289 /* DropShadow.swift */,
				40ECC4911E50EBA900247289 /* ReusableView.swift */,
				40ECC4931E50ECAB00247289 /* NibLoadableView.swift */,
				40ECC4991E51005F00247289 /* Shakeable.swift */,
			);
			name = Protocols;
			sourceTree = "<group>";
		};
		40ECC4821E4D152200247289 /* Extensions */ = {
			isa = PBXGroup;
			children = (
				40ECC4951E50ED3D00247289 /* UICollectionViewPlusExt.swift */,
				40ECC4971E50FEBD00247289 /* MutableCollectionExt.swift */,
			);
			name = Extensions;
			sourceTree = "<group>";
		};
/* End PBXGroup section */

/* Begin PBXNativeTarget section */
		40ECC4591E4D14D100247289 /* TacoPOP */ = {
			isa = PBXNativeTarget;
			buildConfigurationList = 40ECC4771E4D14D200247289 /* Build configuration list for PBXNativeTarget "TacoPOP" */;
			buildPhases = (
				40ECC4561E4D14D100247289 /* Sources */,
				40ECC4571E4D14D100247289 /* Frameworks */,
				40ECC4581E4D14D100247289 /* Resources */,
			);
			buildRules = (
			);
			dependencies = (
			);
			name = TacoPOP;
			productName = TacoPOP;
			productReference = 40ECC45A1E4D14D100247289 /* TacoPOP.app */;
			productType = "com.apple.product-type.application";
		};
		40ECC46D1E4D14D100247289 /* TacoPOPTests */ = {
			isa = PBXNativeTarget;
			buildConfigurationList = 40ECC47A1E4D14D200247289 /* Build configuration list for PBXNativeTarget "TacoPOPTests" */;
			buildPhases = (
				40ECC46A1E4D14D100247289 /* Sources */,
				40ECC46B1E4D14D100247289 /* Frameworks */,
				40ECC46C1E4D14D100247289 /* Resources */,
			);
			buildRules = (
			);
			dependencies = (
				40ECC4701E4D14D200247289 /* PBXTargetDependency */,
			);
			name = TacoPOPTests;
			productName = TacoPOPTests;
			productReference = 40ECC46E1E4D14D200247289 /* TacoPOPTests.xctest */;
			productType = "com.apple.product-type.bundle.unit-test";
		};
/* End PBXNativeTarget section */

/* Begin PBXProject section */
		40ECC4521E4D14D100247289 /* Project object */ = {
			isa = PBXProject;
			attributes = {
				LastSwiftUpdateCheck = 0810;
				LastUpgradeCheck = 0810;
				ORGANIZATIONNAME = "Aaron Thomas";
				TargetAttributes = {
					40ECC4591E4D14D100247289 = {
						CreatedOnToolsVersion = 8.1;
						DevelopmentTeam = 7D8A6696Q9;
						ProvisioningStyle = Automatic;
					};
					40ECC46D1E4D14D100247289 = {
						CreatedOnToolsVersion = 8.1;
						ProvisioningStyle = Automatic;
						TestTargetID = 40ECC4591E4D14D100247289;
					};
				};
			};
			buildConfigurationList = 40ECC4551E4D14D100247289 /* Build configuration list for PBXProject "TacoPOP" */;
			compatibilityVersion = "Xcode 3.2";
			developmentRegion = English;
			hasScannedForEncodings = 0;
			knownRegions = (
				en,
				Base,
			);
			mainGroup = 40ECC4511E4D14D000247289;
			productRefGroup = 40ECC45B1E4D14D100247289 /* Products */;
			projectDirPath = "";
			projectRoot = "";
			targets = (
				40ECC4591E4D14D100247289 /* TacoPOP */,
				40ECC46D1E4D14D100247289 /* TacoPOPTests */,
			);
		};
/* End PBXProject section */

/* Begin PBXResourcesBuildPhase section */
		40ECC4581E4D14D100247289 /* Resources */ = {
			isa = PBXResourcesBuildPhase;
			buildActionMask = 2147483647;
			files = (
				40ECC4901E4D23F400247289 /* TacoCell.xib in Resources */,
				40ECC4681E4D14D100247289 /* LaunchScreen.storyboard in Resources */,
				40ECC4651E4D14D100247289 /* Assets.xcassets in Resources */,
				40ECC4631E4D14D100247289 /* Main.storyboard in Resources */,
			);
			runOnlyForDeploymentPostprocessing = 0;
		};
		40ECC46C1E4D14D100247289 /* Resources */ = {
			isa = PBXResourcesBuildPhase;
			buildActionMask = 2147483647;
			files = (
			);
			runOnlyForDeploymentPostprocessing = 0;
		};
/* End PBXResourcesBuildPhase section */

/* Begin PBXSourcesBuildPhase section */
		40ECC4561E4D14D100247289 /* Sources */ = {
			isa = PBXSourcesBuildPhase;
			buildActionMask = 2147483647;
			files = (
				40ECC48F1E4D23F400247289 /* TacoCell.swift in Sources */,
				40ECC45E1E4D14D100247289 /* AppDelegate.swift in Sources */,
				40ECC4961E50ED3D00247289 /* UICollectionViewPlusExt.swift in Sources */,
				40ECC4861E4D178300247289 /* DropShadow.swift in Sources */,
				40ECC4941E50ECAB00247289 /* NibLoadableView.swift in Sources */,
				40ECC4981E50FEBD00247289 /* MutableCollectionExt.swift in Sources */,
				40ECC4921E50EBA900247289 /* ReusableView.swift in Sources */,
				40ECC4841E4D15BE00247289 /* MainVC.swift in Sources */,
				40ECC48C1E4D1F1B00247289 /* DataService.swift in Sources */,
				40ECC48A1E4D1A3800247289 /* Taco.swift in Sources */,
				40ECC49A1E51005F00247289 /* Shakeable.swift in Sources */,
				40ECC4881E4D185D00247289 /* HeaderView.swift in Sources */,
			);
			runOnlyForDeploymentPostprocessing = 0;
		};
		40ECC46A1E4D14D100247289 /* Sources */ = {
			isa = PBXSourcesBuildPhase;
			buildActionMask = 2147483647;
			files = (
				40ECC4731E4D14D200247289 /* TacoPOPTests.swift in Sources */,
			);
			runOnlyForDeploymentPostprocessing = 0;
		};
/* End PBXSourcesBuildPhase section */

/* Begin PBXTargetDependency section */
		40ECC4701E4D14D200247289 /* PBXTargetDependency */ = {
			isa = PBXTargetDependency;
			target = 40ECC4591E4D14D100247289 /* TacoPOP */;
			targetProxy = 40ECC46F1E4D14D200247289 /* PBXContainerItemProxy */;
		};
/* End PBXTargetDependency section */

/* Begin PBXVariantGroup section */
		40ECC4611E4D14D100247289 /* Main.storyboard */ = {
			isa = PBXVariantGroup;
			children = (
				40ECC4621E4D14D100247289 /* Base */,
			);
			name = Main.storyboard;
			sourceTree = "<group>";
		};
		40ECC4661E4D14D100247289 /* LaunchScreen.storyboard */ = {
			isa = PBXVariantGroup;
			children = (
				40ECC4671E4D14D100247289 /* Base */,
			);
			name = LaunchScreen.storyboard;
			sourceTree = "<group>";
		};
/* End PBXVariantGroup section */

/* Begin XCBuildConfiguration section */
		40ECC4751E4D14D200247289 /* Debug */ = {
			isa = XCBuildConfiguration;
			buildSettings = {
				ALWAYS_SEARCH_USER_PATHS = NO;
				CLANG_ANALYZER_NONNULL = YES;
				CLANG_CXX_LANGUAGE_STANDARD = "gnu++0x";
				CLANG_CXX_LIBRARY = "libc++";
				CLANG_ENABLE_MODULES = YES;
				CLANG_ENABLE_OBJC_ARC = YES;
				CLANG_WARN_BOOL_CONVERSION = YES;
				CLANG_WARN_CONSTANT_CONVERSION = YES;
				CLANG_WARN_DIRECT_OBJC_ISA_USAGE = YES_ERROR;
				CLANG_WARN_DOCUMENTATION_COMMENTS = YES;
				CLANG_WARN_EMPTY_BODY = YES;
				CLANG_WARN_ENUM_CONVERSION = YES;
				CLANG_WARN_INFINITE_RECURSION = YES;
				CLANG_WARN_INT_CONVERSION = YES;
				CLANG_WARN_OBJC_ROOT_CLASS = YES_ERROR;
				CLANG_WARN_SUSPICIOUS_MOVES = YES;
				CLANG_WARN_UNREACHABLE_CODE = YES;
				CLANG_WARN__DUPLICATE_METHOD_MATCH = YES;
				"CODE_SIGN_IDENTITY[sdk=iphoneos*]" = "iPhone Developer";
				COPY_PHASE_STRIP = NO;
				DEBUG_INFORMATION_FORMAT = dwarf;
				ENABLE_STRICT_OBJC_MSGSEND = YES;
				ENABLE_TESTABILITY = YES;
				GCC_C_LANGUAGE_STANDARD = gnu99;
				GCC_DYNAMIC_NO_PIC = NO;
				GCC_NO_COMMON_BLOCKS = YES;
				GCC_OPTIMIZATION_LEVEL = 0;
				GCC_PREPROCESSOR_DEFINITIONS = (
					"DEBUG=1",
					"$(inherited)",
				);
				GCC_WARN_64_TO_32_BIT_CONVERSION = YES;
				GCC_WARN_ABOUT_RETURN_TYPE = YES_ERROR;
				GCC_WARN_UNDECLARED_SELECTOR = YES;
				GCC_WARN_UNINITIALIZED_AUTOS = YES_AGGRESSIVE;
				GCC_WARN_UNUSED_FUNCTION = YES;
				GCC_WARN_UNUSED_VARIABLE = YES;
				IPHONEOS_DEPLOYMENT_TARGET = 10.1;
				MTL_ENABLE_DEBUG_INFO = YES;
				ONLY_ACTIVE_ARCH = YES;
				SDKROOT = iphoneos;
				SWIFT_ACTIVE_COMPILATION_CONDITIONS = DEBUG;
				SWIFT_OPTIMIZATION_LEVEL = "-Onone";
			};
			name = Debug;
		};
		40ECC4761E4D14D200247289 /* Release */ = {
			isa = XCBuildConfiguration;
			buildSettings = {
				ALWAYS_SEARCH_USER_PATHS = NO;
				CLANG_ANALYZER_NONNULL = YES;
				CLANG_CXX_LANGUAGE_STANDARD = "gnu++0x";
				CLANG_CXX_LIBRARY = "libc++";
				CLANG_ENABLE_MODULES = YES;
				CLANG_ENABLE_OBJC_ARC = YES;
				CLANG_WARN_BOOL_CONVERSION = YES;
				CLANG_WARN_CONSTANT_CONVERSION = YES;
				CLANG_WARN_DIRECT_OBJC_ISA_USAGE = YES_ERROR;
				CLANG_WARN_DOCUMENTATION_COMMENTS = YES;
				CLANG_WARN_EMPTY_BODY = YES;
				CLANG_WARN_ENUM_CONVERSION = YES;
				CLANG_WARN_INFINITE_RECURSION = YES;
				CLANG_WARN_INT_CONVERSION = YES;
				CLANG_WARN_OBJC_ROOT_CLASS = YES_ERROR;
				CLANG_WARN_SUSPICIOUS_MOVES = YES;
				CLANG_WARN_UNREACHABLE_CODE = YES;
				CLANG_WARN__DUPLICATE_METHOD_MATCH = YES;
				"CODE_SIGN_IDENTITY[sdk=iphoneos*]" = "iPhone Developer";
				COPY_PHASE_STRIP = NO;
				DEBUG_INFORMATION_FORMAT = "dwarf-with-dsym";
				ENABLE_NS_ASSERTIONS = NO;
				ENABLE_STRICT_OBJC_MSGSEND = YES;
				GCC_C_LANGUAGE_STANDARD = gnu99;
				GCC_NO_COMMON_BLOCKS = YES;
				GCC_WARN_64_TO_32_BIT_CONVERSION = YES;
				GCC_WARN_ABOUT_RETURN_TYPE = YES_ERROR;
				GCC_WARN_UNDECLARED_SELECTOR = YES;
				GCC_WARN_UNINITIALIZED_AUTOS = YES_AGGRESSIVE;
				GCC_WARN_UNUSED_FUNCTION = YES;
				GCC_WARN_UNUSED_VARIABLE = YES;
				IPHONEOS_DEPLOYMENT_TARGET = 10.1;
				MTL_ENABLE_DEBUG_INFO = NO;
				SDKROOT = iphoneos;
				SWIFT_OPTIMIZATION_LEVEL = "-Owholemodule";
				VALIDATE_PRODUCT = YES;
			};
			name = Release;
		};
		40ECC4781E4D14D200247289 /* Debug */ = {
			isa = XCBuildConfiguration;
			buildSettings = {
				ASSETCATALOG_COMPILER_APPICON_NAME = AppIcon;
				DEVELOPMENT_TEAM = 7D8A6696Q9;
				INFOPLIST_FILE = TacoPOP/Info.plist;
				LD_RUNPATH_SEARCH_PATHS = "$(inherited) @executable_path/Frameworks";
				PRODUCT_BUNDLE_IDENTIFIER = com.example.TacoPOP;
				PRODUCT_NAME = "$(TARGET_NAME)";
				SWIFT_VERSION = 3.0;
			};
			name = Debug;
		};
		40ECC4791E4D14D200247289 /* Release */ = {
			isa = XCBuildConfiguration;
			buildSettings = {
				ASSETCATALOG_COMPILER_APPICON_NAME = AppIcon;
				DEVELOPMENT_TEAM = 7D8A6696Q9;
				INFOPLIST_FILE = TacoPOP/Info.plist;
				LD_RUNPATH_SEARCH_PATHS = "$(inherited) @executable_path/Frameworks";
				PRODUCT_BUNDLE_IDENTIFIER = com.example.TacoPOP;
				PRODUCT_NAME = "$(TARGET_NAME)";
				SWIFT_VERSION = 3.0;
			};
			name = Release;
		};
		40ECC47B1E4D14D200247289 /* Debug */ = {
			isa = XCBuildConfiguration;
			buildSettings = {
				ALWAYS_EMBED_SWIFT_STANDARD_LIBRARIES = YES;
				BUNDLE_LOADER = "$(TEST_HOST)";
				INFOPLIST_FILE = TacoPOPTests/Info.plist;
				LD_RUNPATH_SEARCH_PATHS = "$(inherited) @executable_path/Frameworks @loader_path/Frameworks";
				PRODUCT_BUNDLE_IDENTIFIER = com.example.TacoPOPTests;
				PRODUCT_NAME = "$(TARGET_NAME)";
				SWIFT_VERSION = 3.0;
				TEST_HOST = "$(BUILT_PRODUCTS_DIR)/TacoPOP.app/TacoPOP";
			};
			name = Debug;
		};
		40ECC47C1E4D14D200247289 /* Release */ = {
			isa = XCBuildConfiguration;
			buildSettings = {
				ALWAYS_EMBED_SWIFT_STANDARD_LIBRARIES = YES;
				BUNDLE_LOADER = "$(TEST_HOST)";
				INFOPLIST_FILE = TacoPOPTests/Info.plist;
				LD_RUNPATH_SEARCH_PATHS = "$(inherited) @executable_path/Frameworks @loader_path/Frameworks";
				PRODUCT_BUNDLE_IDENTIFIER = com.example.TacoPOPTests;
				PRODUCT_NAME = "$(TARGET_NAME)";
				SWIFT_VERSION = 3.0;
				TEST_HOST = "$(BUILT_PRODUCTS_DIR)/TacoPOP.app/TacoPOP";
			};
			name = Release;
		};
/* End XCBuildConfiguration section */

/* Begin XCConfigurationList section */
		40ECC4551E4D14D100247289 /* Build configuration list for PBXProject "TacoPOP" */ = {
			isa = XCConfigurationList;
			buildConfigurations = (
				40ECC4751E4D14D200247289 /* Debug */,
				40ECC4761E4D14D200247289 /* Release */,
			);
			defaultConfigurationIsVisible = 0;
			defaultConfigurationName = Release;
		};
		40ECC4771E4D14D200247289 /* Build configuration list for PBXNativeTarget "TacoPOP" */ = {
			isa = XCConfigurationList;
			buildConfigurations = (
				40ECC4781E4D14D200247289 /* Debug */,
				40ECC4791E4D14D200247289 /* Release */,
			);
			defaultConfigurationIsVisible = 0;
			defaultConfigurationName = Release;
		};
		40ECC47A1E4D14D200247289 /* Build configuration list for PBXNativeTarget "TacoPOPTests" */ = {
			isa = XCConfigurationList;
			buildConfigurations = (
				40ECC47B1E4D14D200247289 /* Debug */,
				40ECC47C1E4D14D200247289 /* Release */,
			);
			defaultConfigurationIsVisible = 0;
			defaultConfigurationName = Release;
		};
/* End XCConfigurationList section */
	};
	rootObject = 40ECC4521E4D14D100247289 /* Project object */;
}
